
Microsoft Visual Studio Solution File, Format Version 12.00
# Visual Studio Version 16
VisualStudioVersion = 16.0.31911.196
MinimumVisualStudioVersion = 10.0.40219.1
Project("{FAE04EC0-301F-11D3-BF4B-00C04F79EFBC}") = "SIMS Projekat Rampe", "SIMS Projekat Rampe\SIMS Projekat Rampe.csproj", "{4A76BB19-CE28-4C32-8B4B-84C310B762E7}"
EndProject
Global
	GlobalSection(SolutionConfigurationPlatforms) = preSolution
		Debug|Any CPU = Debug|Any CPU
		Release|Any CPU = Release|Any CPU
	EndGlobalSection
	GlobalSection(ProjectConfigurationPlatforms) = postSolution
		{4A76BB19-CE28-4C32-8B4B-84C310B762E7}.Debug|Any CPU.ActiveCfg = Debug|Any CPU
		{4A76BB19-CE28-4C32-8B4B-84C310B762E7}.Debug|Any CPU.Build.0 = Debug|Any CPU
		{4A76BB19-CE28-4C32-8B4B-84C310B762E7}.Release|Any CPU.ActiveCfg = Release|Any CPU
		{4A76BB19-CE28-4C32-8B4B-84C310B762E7}.Release|Any CPU.Build.0 = Release|Any CPU
	EndGlobalSection
	GlobalSection(SolutionProperties) = preSolution
		HideSolutionNode = FALSE
	EndGlobalSection
	GlobalSection(ExtensibilityGlobals) = postSolution
		SolutionGuid = {654A00C8-544B-43EA-B000-B62028B0CC76}
	EndGlobalSection
EndGlobal
